
Microsoft Visual Studio Solution File, Format Version 12.00
# Visual Studio Version 17
VisualStudioVersion = 17.3.32929.385
MinimumVisualStudioVersion = 10.0.40219.1
Project("{FAE04EC0-301F-11D3-BF4B-00C04F79EFBC}") = "TarefasAPI", "TarefasAPI\TarefasAPI.csproj", "{A0573821-12C9-4663-B983-7466B099F25D}"
EndProject
Global
	GlobalSection(SolutionConfigurationPlatforms) = preSolution
		Debug|Any CPU = Debug|Any CPU
		Release|Any CPU = Release|Any CPU
	EndGlobalSection
	GlobalSection(ProjectConfigurationPlatforms) = postSolution
		{A0573821-12C9-4663-B983-7466B099F25D}.Debug|Any CPU.ActiveCfg = Debug|Any CPU
		{A0573821-12C9-4663-B983-7466B099F25D}.Debug|Any CPU.Build.0 = Debug|Any CPU
		{A0573821-12C9-4663-B983-7466B099F25D}.Release|Any CPU.ActiveCfg = Release|Any CPU
		{A0573821-12C9-4663-B983-7466B099F25D}.Release|Any CPU.Build.0 = Release|Any CPU
	EndGlobalSection
	GlobalSection(SolutionProperties) = preSolution
		HideSolutionNode = FALSE
	EndGlobalSection
	GlobalSection(ExtensibilityGlobals) = postSolution
		SolutionGuid = {C7CB368C-AFCE-4CFB-88F7-44E63810A438}
	EndGlobalSection
EndGlobal
